Microsoft Visual Studio Solution File, Format Version 8.00
Project("{FAE04EC0-301F-11D3-BF4B-00C04F79EFBC}") = "Ascii85ConsoleSolution", "Ascii85ConsoleSolution\Ascii85ConsoleSolution.csproj", "{4C399EE9-78B2-43FC-8C12-2C40D506D05D}"
	ProjectSection(ProjectDependencies) = postProject
	EndProjectSection
EndProject
Global
	GlobalSection(SolutionConfiguration) = preSolution
		Debug = Debug
		Release = Release
	EndGlobalSection
	GlobalSection(ProjectConfiguration) = postSolution
		{4C399EE9-78B2-43FC-8C12-2C40D506D05D}.Debug.ActiveCfg = Debug|.NET
		{4C399EE9-78B2-43FC-8C12-2C40D506D05D}.Debug.Build.0 = Debug|.NET
		{4C399EE9-78B2-43FC-8C12-2C40D506D05D}.Release.ActiveCfg = Release|.NET
		{4C399EE9-78B2-43FC-8C12-2C40D506D05D}.Release.Build.0 = Release|.NET
	EndGlobalSection
	GlobalSection(ExtensibilityGlobals) = postSolution
	EndGlobalSection
	GlobalSection(ExtensibilityAddIns) = postSolution
	EndGlobalSection
EndGlobal
